{
  "name": "node-sumbasic",
  "version": "0.1.6",
  "lockfileVersion": 1,
  "requires": true,
  "dependencies": {
    "stemmer": {
      "version": "1.0.2",
      "resolved": "https://registry.npmjs.org/stemmer/-/stemmer-1.0.2.tgz",
      "integrity": "sha1-Ha/SoD01A1NvPhUy2nj77iKeACQ="
    }
  }
}
